# surface.lock — generated by surfacelock. Review changes like package-lock.json.
# Run `surfacelock update` after an intentional change to the AI surface.
[meta]
surfacelock_version = "0.1.0"
registry_updated = "2026-09-30"
scan_config_hash = "19f48bae8c8aa606"

[meta.counts]
models = 2
prompts = 3
tools = 1
mcp_servers = 2

[[model]]
name = "claude-sonnet-4-20250514"
provider = "anthropic"
kind = "chat"
resolved = "claude-sonnet-4-20250514"
floating = false
known = true
locations = [
    "src/support.py:17",
]
price_in_per_1m = 3.0
price_out_per_1m = 15.0

[[model]]
name = "text-embedding-3-small"
provider = "openai"
kind = "embedding"
resolved = "text-embedding-3-small"
floating = false
known = true
locations = [
    "src/index.py:6",
    "src/support.py:18",
]
price_in_per_1m = 0.02

[[prompt]]
id = "prompts.triage"
path = "prompts/triage.prompt"
line = 1
sha256 = "488e86e99bc2b8d64f245c5546bcb12c799c0710ea9ee78f7e868ef0b4da29b3"
chars = 339
approx_tokens = 85
source = "file"

[[prompt]]
id = "src.support.FALLBACK_TEMPLATE"
path = "src/support.py"
line = 21
sha256 = "1b2136f59d9c4f18a57ce9a32fdad6967e1cf2a9b9ddf391587c953130204542"
chars = 211
approx_tokens = 53
source = "inline"

[[prompt]]
id = "support.system"
path = "src/support.py"
line = 8
sha256 = "70db114aa98db5adc1fae9a6f6416ec8946dc30b10048f4c1c16005691facdc6"
chars = 328
approx_tokens = 82
source = "annotated"

[[tool]]
name = "issue_refund"
path = "src/tools.py"
line = 7
sha256 = "51a9c6af28a46c47b89f3aa0d33aba698e55fa76caa64a086f44cab6db4389f4"
source = "python-dict"
description = "Issue a refund to the customer"
param_keys = [
    "amount",
    "order_id",
    "reason",
]

[[mcp_server]]
name = "crm"
path = ".cursor/mcp.json"
transport = "http"
url = "https://crm.internal.example/mcp"
command = ""
args = []
env_keys = []
sha256 = "9f08536d175bf027b7e35df10c7bd3d679c4f7e8e1c251fac9f5ba8b0c5d6bc3"

[[mcp_server]]
name = "filesystem"
path = ".cursor/mcp.json"
transport = "stdio"
url = ""
command = "npx"
args = [
    "-y",
    "@modelcontextprotocol/server-filesystem@0.6.2",
    "./data",
]
env_keys = [
    "FS_ROOT",
]
sha256 = "bc51f74250b85588b827916f79453a5d5bb8f7f770bed4130981987d61c57385"
